// !$*UTF8*$!
{
	archiveVersion = 1;
	classes = {
	};
	objectVersion = 46;
	objects = {

/* Begin PBXBuildFile section */
		1D4F60121DC6EDAD0076F554 /* FMRefreshControl.m in Sources */ = {isa = PBXBuildFile; fileRef = 1D4F60111DC6EDAD0076F554 /* FMRefreshControl.m */; };
		1D78D9EA1DD7589C003555C5 /* RootTableViewController.m in Sources */ = {isa = PBXBuildFile; fileRef = 1D78D9E91DD7589C003555C5 /* RootTableViewController.m */; };
		1D8FA09F1DC3588B00988096 /* main.m in Sources */ = {isa = PBXBuildFile; fileRef = 1D8FA09E1DC3588B00988096 /* main.m */; };
		1D8FA0A21DC3588B00988096 /* AppDelegate.m in Sources */ = {isa = PBXBuildFile; fileRef = 1D8FA0A11DC3588B00988096 /* AppDelegate.m */; };
		1D8FA0A51DC3588B00988096 /* ViewController.m in Sources */ = {isa = PBXBuildFile; fileRef = 1D8FA0A41DC3588B00988096 /* ViewController.m */; };
		1D8FA0A81DC3588B00988096 /* Main.storyboard in Resources */ = {isa = PBXBuildFile; fileRef = 1D8FA0A61DC3588B00988096 /* Main.storyboard */; };
		1D8FA0AA1DC3588B00988096 /* Assets.xcassets in Resources */ = {isa = PBXBuildFile; fileRef = 1D8FA0A91DC3588B00988096 /* Assets.xcassets */; };
		1D8FA0AD1DC3588B00988096 /* LaunchScreen.storyboard in Resources */ = {isa = PBXBuildFile; fileRef = 1D8FA0AB1DC3588B00988096 /* LaunchScreen.storyboard */; };
		1DEBCF661DC4E14C0023EDC8 /* FMRefreshfoot.m in Sources */ = {isa = PBXBuildFile; fileRef = 1DEBCF651DC4E14C0023EDC8 /* FMRefreshfoot.m */; };
/* End PBXBuildFile section */

/* Begin PBXFileReference section */
		1D4F60101DC6EDAD0076F554 /* FMRefreshControl.h */ = {isa = PBXFileReference; fileEncoding = 4; lastKnownFileType = sourcecode.c.h; path = FMRefreshControl.h; sourceTree = "<group>"; };
		1D4F60111DC6EDAD0076F554 /* FMRefreshControl.m */ = {isa = PBXFileReference; fileEncoding = 4; lastKnownFileType = sourcecode.c.objc; path = FMRefreshControl.m; sourceTree = "<group>"; };
		1D78D9E81DD7589C003555C5 /* RootTableViewController.h */ = {isa = PBXFileReference; fileEncoding = 4; lastKnownFileType = sourcecode.c.h; path = RootTableViewController.h; sourceTree = "<group>"; };
		1D78D9E91DD7589C003555C5 /* RootTableViewController.m */ = {isa = PBXFileReference; fileEncoding = 4; lastKnownFileType = sourcecode.c.objc; path = RootTableViewController.m; sourceTree = "<group>"; };
		1D8FA09A1DC3588B00988096 /* FMRefresh2.app */ = {isa = PBXFileReference; explicitFileType = wrapper.application; includeInIndex = 0; path = FMRefresh2.app; sourceTree = BUILT_PRODUCTS_DIR; };
		1D8FA09E1DC3588B00988096 /* main.m */ = {isa = PBXFileReference; lastKnownFileType = sourcecode.c.objc; path = main.m; sourceTree = "<group>"; };
		1D8FA0A01DC3588B00988096 /* AppDelegate.h */ = {isa = PBXFileReference; lastKnownFileType = sourcecode.c.h; path = AppDelegate.h; sourceTree = "<group>"; };
		1D8FA0A11DC3588B00988096 /* AppDelegate.m */ = {isa = PBXFileReference; lastKnownFileType = sourcecode.c.objc; path = AppDelegate.m; sourceTree = "<group>"; };
		1D8FA0A31DC3588B00988096 /* ViewController.h */ = {isa = PBXFileReference; lastKnownFileType = sourcecode.c.h; path = ViewController.h; sourceTree = "<group>"; };
		1D8FA0A41DC3588B00988096 /* ViewController.m */ = {isa = PBXFileReference; lastKnownFileType = sourcecode.c.objc; path = ViewController.m; sourceTree = "<group>"; };
		1D8FA0A71DC3588B00988096 /* Base */ = {isa = PBXFileReference; lastKnownFileType = file.storyboard; name = Base; path = Base.lproj/Main.storyboard; sourceTree = "<group>"; };
		1D8FA0A91DC3588B00988096 /* Assets.xcassets */ = {isa = PBXFileReference; lastKnownFileType = folder.assetcatalog; path = Assets.xcassets; sourceTree = "<group>"; };
		1D8FA0AC1DC3588B00988096 /* Base */ = {isa = PBXFileReference; lastKnownFileType = file.storyboard; name = Base; path = Base.lproj/LaunchScreen.storyboard; sourceTree = "<group>"; };
		1D8FA0AE1DC3588B00988096 /* Info.plist */ = {isa = PBXFileReference; lastKnownFileType = text.plist.xml; path = Info.plist; sourceTree = "<group>"; };
		1DEBCF641DC4E14C0023EDC8 /* FMRefreshfoot.h */ = {isa = PBXFileReference; fileEncoding = 4; lastKnownFileType = sourcecode.c.h; path = FMRefreshfoot.h; sourceTree = "<group>"; };
		1DEBCF651DC4E14C0023EDC8 /* FMRefreshfoot.m */ = {isa = PBXFileReference; fileEncoding = 4; lastKnownFileType = sourcecode.c.objc; path = FMRefreshfoot.m; sourceTree = "<group>"; };
/* End PBXFileReference section */

/* Begin PBXFrameworksBuildPhase section */
		1D8FA0971DC3588B00988096 /* Frameworks */ = {
			isa = PBXFrameworksBuildPhase;
			buildActionMask = 2147483647;
			files = (
			);
			runOnlyForDeploymentPostprocessing = 0;
		};
/* End PBXFrameworksBuildPhase section */

/* Begin PBXGroup section */
		1D8FA0911DC3588B00988096 = {
			isa = PBXGroup;
			children = (
				1D8FA09C1DC3588B00988096 /* FMRefresh2 */,
				1D8FA09B1DC3588B00988096 /* Products */,
			);
			sourceTree = "<group>";
		};
		1D8FA09B1DC3588B00988096 /* Products */ = {
			isa = PBXGroup;
			children = (
				1D8FA09A1DC3588B00988096 /* FMRefresh2.app */,
			);
			name = Products;
			sourceTree = "<group>";
		};
		1D8FA09C1DC3588B00988096 /* FMRefresh2 */ = {
			isa = PBXGroup;
			children = (
				1D8FA0A01DC3588B00988096 /* AppDelegate.h */,
				1D8FA0A11DC3588B00988096 /* AppDelegate.m */,
				1D8FA0A31DC3588B00988096 /* ViewController.h */,
				1D8FA0A41DC3588B00988096 /* ViewController.m */,
				1D78D9E81DD7589C003555C5 /* RootTableViewController.h */,
				1D78D9E91DD7589C003555C5 /* RootTableViewController.m */,
				1D8FA0BA1DC358F000988096 /* refresh */,
				1D8FA0A61DC3588B00988096 /* Main.storyboard */,
				1D8FA0A91DC3588B00988096 /* Assets.xcassets */,
				1D8FA0AB1DC3588B00988096 /* LaunchScreen.storyboard */,
				1D8FA0AE1DC3588B00988096 /* Info.plist */,
				1D8FA09D1DC3588B00988096 /* Supporting Files */,
			);
			path = FMRefresh2;
			sourceTree = "<group>";
		};
		1D8FA09D1DC3588B00988096 /* Supporting Files */ = {
			isa = PBXGroup;
			children = (
				1D8FA09E1DC3588B00988096 /* main.m */,
			);
			name = "Supporting Files";
			sourceTree = "<group>";
		};
		1D8FA0BA1DC358F000988096 /* refresh */ = {
			isa = PBXGroup;
			children = (
				1D4F60101DC6EDAD0076F554 /* FMRefreshControl.h */,
				1D4F60111DC6EDAD0076F554 /* FMRefreshControl.m */,
				1DEBCF641DC4E14C0023EDC8 /* FMRefreshfoot.h */,
				1DEBCF651DC4E14C0023EDC8 /* FMRefreshfoot.m */,
			);
			name = refresh;
			sourceTree = "<group>";
		};
/* End PBXGroup section */

/* Begin PBXNativeTarget section */
		1D8FA0991DC3588B00988096 /* FMRefresh2 */ = {
			isa = PBXNativeTarget;
			buildConfigurationList = 1D8FA0B11DC3588B00988096 /* Build configuration list for PBXNativeTarget "FMRefresh2" */;
			buildPhases = (
				1D8FA0961DC3588B00988096 /* Sources */,
				1D8FA0971DC3588B00988096 /* Frameworks */,
				1D8FA0981DC3588B00988096 /* Resources */,
			);
			buildRules = (
			);
			dependencies = (
			);
			name = FMRefresh2;
			productName = FMRefresh2;
			productReference = 1D8FA09A1DC3588B00988096 /* FMRefresh2.app */;
			productType = "com.apple.product-type.application";
		};
/* End PBXNativeTarget section */

/* Begin PBXProject section */
		1D8FA0921DC3588B00988096 /* Project object */ = {
			isa = PBXProject;
			attributes = {
				LastUpgradeCheck = 0800;
				ORGANIZATIONNAME = SF;
				TargetAttributes = {
					1D8FA0991DC3588B00988096 = {
						CreatedOnToolsVersion = 8.0;
						DevelopmentTeam = VN226642G5;
						ProvisioningStyle = Automatic;
					};
				};
			};
			buildConfigurationList = 1D8FA0951DC3588B00988096 /* Build configuration list for PBXProject "FMRefresh2" */;
			compatibilityVersion = "Xcode 3.2";
			developmentRegion = English;
			hasScannedForEncodings = 0;
			knownRegions = (
				en,
				Base,
			);
			mainGroup = 1D8FA0911DC3588B00988096;
			productRefGroup = 1D8FA09B1DC3588B00988096 /* Products */;
			projectDirPath = "";
			projectRoot = "";
			targets = (
				1D8FA0991DC3588B00988096 /* FMRefresh2 */,
			);
		};
/* End PBXProject section */

/* Begin PBXResourcesBuildPhase section */
		1D8FA0981DC3588B00988096 /* Resources */ = {
			isa = PBXResourcesBuildPhase;
			buildActionMask = 2147483647;
			files = (
				1D8FA0AD1DC3588B00988096 /* LaunchScreen.storyboard in Resources */,
				1D8FA0AA1DC3588B00988096 /* Assets.xcassets in Resources */,
				1D8FA0A81DC3588B00988096 /* Main.storyboard in Resources */,
			);
			runOnlyForDeploymentPostprocessing = 0;
		};
/* End PBXResourcesBuildPhase section */

/* Begin PBXSourcesBuildPhase section */
		1D8FA0961DC3588B00988096 /* Sources */ = {
			isa = PBXSourcesBuildPhase;
			buildActionMask = 2147483647;
			files = (
				1D4F60121DC6EDAD0076F554 /* FMRefreshControl.m in Sources */,
				1D8FA0A51DC3588B00988096 /* ViewController.m in Sources */,
				1D8FA0A21DC3588B00988096 /* AppDelegate.m in Sources */,
				1D78D9EA1DD7589C003555C5 /* RootTableViewController.m in Sources */,
				1DEBCF661DC4E14C0023EDC8 /* FMRefreshfoot.m in Sources */,
				1D8FA09F1DC3588B00988096 /* main.m in Sources */,
			);
			runOnlyForDeploymentPostprocessing = 0;
		};
/* End PBXSourcesBuildPhase section */

/* Begin PBXVariantGroup section */
		1D8FA0A61DC3588B00988096 /* Main.storyboard */ = {
			isa = PBXVariantGroup;
			children = (
				1D8FA0A71DC3588B00988096 /* Base */,
			);
			name = Main.storyboard;
			sourceTree = "<group>";
		};
		1D8FA0AB1DC3588B00988096 /* LaunchScreen.storyboard */ = {
			isa = PBXVariantGroup;
			children = (
				1D8FA0AC1DC3588B00988096 /* Base */,
			);
			name = LaunchScreen.storyboard;
			sourceTree = "<group>";
		};
/* End PBXVariantGroup section */

/* Begin XCBuildConfiguration section */
		1D8FA0AF1DC3588B00988096 /* Debug */ = {
			isa = XCBuildConfiguration;
			buildSettings = {
				ALWAYS_SEARCH_USER_PATHS = NO;
				CLANG_ANALYZER_NONNULL = YES;
				CLANG_CXX_LANGUAGE_STANDARD = "gnu++0x";
				CLANG_CXX_LIBRARY = "libc++";
				CLANG_ENABLE_MODULES = YES;
				CLANG_ENABLE_OBJC_ARC = YES;
				CLANG_WARN_BOOL_CONVERSION = YES;
				CLANG_WARN_CONSTANT_CONVERSION = YES;
				CLANG_WARN_DIRECT_OBJC_ISA_USAGE = YES_ERROR;
				CLANG_WARN_DOCUMENTATION_COMMENTS = YES;
				CLANG_WARN_EMPTY_BODY = YES;
				CLANG_WARN_ENUM_CONVERSION = YES;
				CLANG_WARN_INFINITE_RECURSION = YES;
				CLANG_WARN_INT_CONVERSION = YES;
				CLANG_WARN_OBJC_ROOT_CLASS = YES_ERROR;
				CLANG_WARN_SUSPICIOUS_MOVES = YES;
				CLANG_WARN_UNREACHABLE_CODE = YES;
				CLANG_WARN__DUPLICATE_METHOD_MATCH = YES;
				"CODE_SIGN_IDENTITY[sdk=iphoneos*]" = "iPhone Developer";
				COPY_PHASE_STRIP = NO;
				DEBUG_INFORMATION_FORMAT = dwarf;
				ENABLE_STRICT_OBJC_MSGSEND = YES;
				ENABLE_TESTABILITY = YES;
				GCC_C_LANGUAGE_STANDARD = gnu99;
				GCC_DYNAMIC_NO_PIC = NO;
				GCC_NO_COMMON_BLOCKS = YES;
				GCC_OPTIMIZATION_LEVEL = 0;
				GCC_PREPROCESSOR_DEFINITIONS = (
					"DEBUG=1",
					"$(inherited)",
				);
				GCC_WARN_64_TO_32_BIT_CONVERSION = YES;
				GCC_WARN_ABOUT_RETURN_TYPE = YES_ERROR;
				GCC_WARN_UNDECLARED_SELECTOR = YES;
				GCC_WARN_UNINITIALIZED_AUTOS = YES_AGGRESSIVE;
				GCC_WARN_UNUSED_FUNCTION = YES;
				GCC_WARN_UNUSED_VARIABLE = YES;
				IPHONEOS_DEPLOYMENT_TARGET = 10.0;
				MTL_ENABLE_DEBUG_INFO = YES;
				ONLY_ACTIVE_ARCH = YES;
				SDKROOT = iphoneos;
			};
			name = Debug;
		};
		1D8FA0B01DC3588B00988096 /* Release */ = {
			isa = XCBuildConfiguration;
			buildSettings = {
				ALWAYS_SEARCH_USER_PATHS = NO;
				CLANG_ANALYZER_NONNULL = YES;
				CLANG_CXX_LANGUAGE_STANDARD = "gnu++0x";
				CLANG_CXX_LIBRARY = "libc++";
				CLANG_ENABLE_MODULES = YES;
				CLANG_ENABLE_OBJC_ARC = YES;
				CLANG_WARN_BOOL_CONVERSION = YES;
				CLANG_WARN_CONSTANT_CONVERSION = YES;
				CLANG_WARN_DIRECT_OBJC_ISA_USAGE = YES_ERROR;
				CLANG_WARN_DOCUMENTATION_COMMENTS = YES;
				CLANG_WARN_EMPTY_BODY = YES;
				CLANG_WARN_ENUM_CONVERSION = YES;
				CLANG_WARN_INFINITE_RECURSION = YES;
				CLANG_WARN_INT_CONVERSION = YES;
				CLANG_WARN_OBJC_ROOT_CLASS = YES_ERROR;
				CLANG_WARN_SUSPICIOUS_MOVES = YES;
				CLANG_WARN_UNREACHABLE_CODE = YES;
				CLANG_WARN__DUPLICATE_METHOD_MATCH = YES;
				"CODE_SIGN_IDENTITY[sdk=iphoneos*]" = "iPhone Developer";
				COPY_PHASE_STRIP = NO;
				DEBUG_INFORMATION_FORMAT = "dwarf-with-dsym";
				ENABLE_NS_ASSERTIONS = NO;
				ENABLE_STRICT_OBJC_MSGSEND = YES;
				GCC_C_LANGUAGE_STANDARD = gnu99;
				GCC_NO_COMMON_BLOCKS = YES;
				GCC_WARN_64_TO_32_BIT_CONVERSION = YES;
				GCC_WARN_ABOUT_RETURN_TYPE = YES_ERROR;
				GCC_WARN_UNDECLARED_SELECTOR = YES;
				GCC_WARN_UNINITIALIZED_AUTOS = YES_AGGRESSIVE;
				GCC_WARN_UNUSED_FUNCTION = YES;
				GCC_WARN_UNUSED_VARIABLE = YES;
				IPHONEOS_DEPLOYMENT_TARGET = 10.0;
				MTL_ENABLE_DEBUG_INFO = NO;
				SDKROOT = iphoneos;
				VALIDATE_PRODUCT = YES;
			};
			name = Release;
		};
		1D8FA0B21DC3588B00988096 /* Debug */ = {
			isa = XCBuildConfiguration;
			buildSettings = {
				ASSETCATALOG_COMPILER_APPICON_NAME = AppIcon;
				DEVELOPMENT_TEAM = VN226642G5;
				INFOPLIST_FILE = FMRefresh2/Info.plist;
				IPHONEOS_DEPLOYMENT_TARGET = 9.3;
				LD_RUNPATH_SEARCH_PATHS = "$(inherited) @executable_path/Frameworks";
				PRODUCT_BUNDLE_IDENTIFIER = com.suifeng.FMRefresh2;
				PRODUCT_NAME = "$(TARGET_NAME)";
			};
			name = Debug;
		};
		1D8FA0B31DC3588B00988096 /* Release */ = {
			isa = XCBuildConfiguration;
			buildSettings = {
				ASSETCATALOG_COMPILER_APPICON_NAME = AppIcon;
				DEVELOPMENT_TEAM = VN226642G5;
				INFOPLIST_FILE = FMRefresh2/Info.plist;
				IPHONEOS_DEPLOYMENT_TARGET = 9.3;
				LD_RUNPATH_SEARCH_PATHS = "$(inherited) @executable_path/Frameworks";
				PRODUCT_BUNDLE_IDENTIFIER = com.suifeng.FMRefresh2;
				PRODUCT_NAME = "$(TARGET_NAME)";
			};
			name = Release;
		};
/* End XCBuildConfiguration section */

/* Begin XCConfigurationList section */
		1D8FA0951DC3588B00988096 /* Build configuration list for PBXProject "FMRefresh2" */ = {
			isa = XCConfigurationList;
			buildConfigurations = (
				1D8FA0AF1DC3588B00988096 /* Debug */,
				1D8FA0B01DC3588B00988096 /* Release */,
			);
			defaultConfigurationIsVisible = 0;
			defaultConfigurationName = Release;
		};
		1D8FA0B11DC3588B00988096 /* Build configuration list for PBXNativeTarget "FMRefresh2" */ = {
			isa = XCConfigurationList;
			buildConfigurations = (
				1D8FA0B21DC3588B00988096 /* Debug */,
				1D8FA0B31DC3588B00988096 /* Release */,
			);
			defaultConfigurationIsVisible = 0;
			defaultConfigurationName = Release;
		};
/* End XCConfigurationList section */
	};
	rootObject = 1D8FA0921DC3588B00988096 /* Project object */;
}
